// !$*UTF8*$!
{
	archiveVersion = 1;
	classes = {
	};
	objectVersion = 50;
	objects = {

/* Begin PBXBuildFile section */
		CED69D6620F52E57001E93CC /* AppDelegate.swift in Sources */ = {isa = PBXBuildFile; fileRef = CED69D6520F52E57001E93CC /* AppDelegate.swift */; };
		CED69D6820F52E57001E93CC /* ViewController.swift in Sources */ = {isa = PBXBuildFile; fileRef = CED69D6720F52E57001E93CC /* ViewController.swift */; };
		CED69D6B20F52E57001E93CC /* Main.storyboard in Resources */ = {isa = PBXBuildFile; fileRef = CED69D6920F52E57001E93CC /* Main.storyboard */; };
		CED69D6D20F52E5A001E93CC /* Assets.xcassets in Resources */ = {isa = PBXBuildFile; fileRef = CED69D6C20F52E5A001E93CC /* Assets.xcassets */; };
		CED69D7020F52E5A001E93CC /* LaunchScreen.storyboard in Resources */ = {isa = PBXBuildFile; fileRef = CED69D6E20F52E5A001E93CC /* LaunchScreen.storyboard */; };
		CED69D7A20F52F47001E93CC /* Network.swift in Sources */ = {isa = PBXBuildFile; fileRef = CED69D7920F52F47001E93CC /* Network.swift */; };
		CED69D7C20F52F67001E93CC /* APICall.swift in Sources */ = {isa = PBXBuildFile; fileRef = CED69D7B20F52F67001E93CC /* APICall.swift */; };
		CED69DA020F75E60001E93CC /* NewViewController.swift in Sources */ = {isa = PBXBuildFile; fileRef = CED69D9F20F75E60001E93CC /* NewViewController.swift */; };
		CED69DA220F76FC2001E93CC /* WebViewController.swift in Sources */ = {isa = PBXBuildFile; fileRef = CED69DA120F76FC2001E93CC /* WebViewController.swift */; };
		CED69DA420F79B5B001E93CC /* SubRedditListViewController.swift in Sources */ = {isa = PBXBuildFile; fileRef = CED69DA320F79B5B001E93CC /* SubRedditListViewController.swift */; };
/* End PBXBuildFile section */

/* Begin PBXFileReference section */
		CED69D6220F52E57001E93CC /* Reddit Posts.app */ = {isa = PBXFileReference; explicitFileType = wrapper.application; includeInIndex = 0; path = "Reddit Posts.app"; sourceTree = BUILT_PRODUCTS_DIR; };
		CED69D6520F52E57001E93CC /* AppDelegate.swift */ = {isa = PBXFileReference; lastKnownFileType = sourcecode.swift; path = AppDelegate.swift; sourceTree = "<group>"; };
		CED69D6720F52E57001E93CC /* ViewController.swift */ = {isa = PBXFileReference; lastKnownFileType = sourcecode.swift; path = ViewController.swift; sourceTree = "<group>"; };
		CED69D6A20F52E57001E93CC /* Base */ = {isa = PBXFileReference; lastKnownFileType = file.storyboard; name = Base; path = Base.lproj/Main.storyboard; sourceTree = "<group>"; };
		CED69D6C20F52E5A001E93CC /* Assets.xcassets */ = {isa = PBXFileReference; lastKnownFileType = folder.assetcatalog; path = Assets.xcassets; sourceTree = "<group>"; };
		CED69D6F20F52E5A001E93CC /* Base */ = {isa = PBXFileReference; lastKnownFileType = file.storyboard; name = Base; path = Base.lproj/LaunchScreen.storyboard; sourceTree = "<group>"; };
		CED69D7120F52E5A001E93CC /* Info.plist */ = {isa = PBXFileReference; lastKnownFileType = text.plist.xml; path = Info.plist; sourceTree = "<group>"; };
		CED69D7920F52F47001E93CC /* Network.swift */ = {isa = PBXFileReference; lastKnownFileType = sourcecode.swift; path = Network.swift; sourceTree = "<group>"; };
		CED69D7B20F52F67001E93CC /* APICall.swift */ = {isa = PBXFileReference; lastKnownFileType = sourcecode.swift; path = APICall.swift; sourceTree = "<group>"; };
		CED69D9F20F75E60001E93CC /* NewViewController.swift */ = {isa = PBXFileReference; lastKnownFileType = sourcecode.swift; path = NewViewController.swift; sourceTree = "<group>"; };
		CED69DA120F76FC2001E93CC /* WebViewController.swift */ = {isa = PBXFileReference; lastKnownFileType = sourcecode.swift; path = WebViewController.swift; sourceTree = "<group>"; };
		CED69DA320F79B5B001E93CC /* SubRedditListViewController.swift */ = {isa = PBXFileReference; lastKnownFileType = sourcecode.swift; path = SubRedditListViewController.swift; sourceTree = "<group>"; };
/* End PBXFileReference section */

/* Begin PBXFrameworksBuildPhase section */
		CED69D5F20F52E57001E93CC /* Frameworks */ = {
			isa = PBXFrameworksBuildPhase;
			buildActionMask = 2147483647;
			files = (
			);
			runOnlyForDeploymentPostprocessing = 0;
		};
/* End PBXFrameworksBuildPhase section */

/* Begin PBXGroup section */
		CED69D5920F52E57001E93CC = {
			isa = PBXGroup;
			children = (
				CED69D6420F52E57001E93CC /* Reddit Posts */,
				CED69D6320F52E57001E93CC /* Products */,
			);
			sourceTree = "<group>";
		};
		CED69D6320F52E57001E93CC /* Products */ = {
			isa = PBXGroup;
			children = (
				CED69D6220F52E57001E93CC /* Reddit Posts.app */,
			);
			name = Products;
			sourceTree = "<group>";
		};
		CED69D6420F52E57001E93CC /* Reddit Posts */ = {
			isa = PBXGroup;
			children = (
				CED69D6520F52E57001E93CC /* AppDelegate.swift */,
				CED69D6720F52E57001E93CC /* ViewController.swift */,
				CED69D7920F52F47001E93CC /* Network.swift */,
				CED69D7B20F52F67001E93CC /* APICall.swift */,
				CED69D9F20F75E60001E93CC /* NewViewController.swift */,
				CED69DA120F76FC2001E93CC /* WebViewController.swift */,
				CED69DA320F79B5B001E93CC /* SubRedditListViewController.swift */,
				CED69D6920F52E57001E93CC /* Main.storyboard */,
				CED69D6C20F52E5A001E93CC /* Assets.xcassets */,
				CED69D6E20F52E5A001E93CC /* LaunchScreen.storyboard */,
				CED69D7120F52E5A001E93CC /* Info.plist */,
			);
			path = "Reddit Posts";
			sourceTree = "<group>";
		};
/* End PBXGroup section */

/* Begin PBXNativeTarget section */
		CED69D6120F52E57001E93CC /* Reddit Posts */ = {
			isa = PBXNativeTarget;
			buildConfigurationList = CED69D7420F52E5A001E93CC /* Build configuration list for PBXNativeTarget "Reddit Posts" */;
			buildPhases = (
				CED69D5E20F52E57001E93CC /* Sources */,
				CED69D5F20F52E57001E93CC /* Frameworks */,
				CED69D6020F52E57001E93CC /* Resources */,
			);
			buildRules = (
			);
			dependencies = (
			);
			name = "Reddit Posts";
			productName = "Reddit Posts";
			productReference = CED69D6220F52E57001E93CC /* Reddit Posts.app */;
			productType = "com.apple.product-type.application";
		};
/* End PBXNativeTarget section */

/* Begin PBXProject section */
		CED69D5A20F52E57001E93CC /* Project object */ = {
			isa = PBXProject;
			attributes = {
				LastSwiftUpdateCheck = 0940;
				LastUpgradeCheck = 0940;
				ORGANIZATIONNAME = "Somesh Arora";
				TargetAttributes = {
					CED69D6120F52E57001E93CC = {
						CreatedOnToolsVersion = 9.4.1;
					};
				};
			};
			buildConfigurationList = CED69D5D20F52E57001E93CC /* Build configuration list for PBXProject "Reddit Posts" */;
			compatibilityVersion = "Xcode 9.3";
			developmentRegion = en;
			hasScannedForEncodings = 0;
			knownRegions = (
				en,
				Base,
			);
			mainGroup = CED69D5920F52E57001E93CC;
			productRefGroup = CED69D6320F52E57001E93CC /* Products */;
			projectDirPath = "";
			projectRoot = "";
			targets = (
				CED69D6120F52E57001E93CC /* Reddit Posts */,
			);
		};
/* End PBXProject section */

/* Begin PBXResourcesBuildPhase section */
		CED69D6020F52E57001E93CC /* Resources */ = {
			isa = PBXResourcesBuildPhase;
			buildActionMask = 2147483647;
			files = (
				CED69D7020F52E5A001E93CC /* LaunchScreen.storyboard in Resources */,
				CED69D6D20F52E5A001E93CC /* Assets.xcassets in Resources */,
				CED69D6B20F52E57001E93CC /* Main.storyboard in Resources */,
			);
			runOnlyForDeploymentPostprocessing = 0;
		};
/* End PBXResourcesBuildPhase section */

/* Begin PBXSourcesBuildPhase section */
		CED69D5E20F52E57001E93CC /* Sources */ = {
			isa = PBXSourcesBuildPhase;
			buildActionMask = 2147483647;
			files = (
				CED69D6820F52E57001E93CC /* ViewController.swift in Sources */,
				CED69DA020F75E60001E93CC /* NewViewController.swift in Sources */,
				CED69D7C20F52F67001E93CC /* APICall.swift in Sources */,
				CED69DA220F76FC2001E93CC /* WebViewController.swift in Sources */,
				CED69D7A20F52F47001E93CC /* Network.swift in Sources */,
				CED69DA420F79B5B001E93CC /* SubRedditListViewController.swift in Sources */,
				CED69D6620F52E57001E93CC /* AppDelegate.swift in Sources */,
			);
			runOnlyForDeploymentPostprocessing = 0;
		};
/* End PBXSourcesBuildPhase section */

/* Begin PBXVariantGroup section */
		CED69D6920F52E57001E93CC /* Main.storyboard */ = {
			isa = PBXVariantGroup;
			children = (
				CED69D6A20F52E57001E93CC /* Base */,
			);
			name = Main.storyboard;
			sourceTree = "<group>";
		};
		CED69D6E20F52E5A001E93CC /* LaunchScreen.storyboard */ = {
			isa = PBXVariantGroup;
			children = (
				CED69D6F20F52E5A001E93CC /* Base */,
			);
			name = LaunchScreen.storyboard;
			sourceTree = "<group>";
		};
/* End PBXVariantGroup section */

/* Begin XCBuildConfiguration section */
		CED69D7220F52E5A001E93CC /* Debug */ = {
			isa = XCBuildConfiguration;
			buildSettings = {
				ALWAYS_SEARCH_USER_PATHS = NO;
				CLANG_ANALYZER_NONNULL = YES;
				CLANG_ANALYZER_NUMBER_OBJECT_CONVERSION = YES_AGGRESSIVE;
				CLANG_CXX_LANGUAGE_STANDARD = "gnu++14";
				CLANG_CXX_LIBRARY = "libc++";
				CLANG_ENABLE_MODULES = YES;
				CLANG_ENABLE_OBJC_ARC = YES;
				CLANG_ENABLE_OBJC_WEAK = YES;
				CLANG_WARN_BLOCK_CAPTURE_AUTORELEASING = YES;
				CLANG_WARN_BOOL_CONVERSION = YES;
				CLANG_WARN_COMMA = YES;
				CLANG_WARN_CONSTANT_CONVERSION = YES;
				CLANG_WARN_DEPRECATED_OBJC_IMPLEMENTATIONS = YES;
				CLANG_WARN_DIRECT_OBJC_ISA_USAGE = YES_ERROR;
				CLANG_WARN_DOCUMENTATION_COMMENTS = YES;
				CLANG_WARN_EMPTY_BODY = YES;
				CLANG_WARN_ENUM_CONVERSION = YES;
				CLANG_WARN_INFINITE_RECURSION = YES;
				CLANG_WARN_INT_CONVERSION = YES;
				CLANG_WARN_NON_LITERAL_NULL_CONVERSION = YES;
				CLANG_WARN_OBJC_IMPLICIT_RETAIN_SELF = YES;
				CLANG_WARN_OBJC_LITERAL_CONVERSION = YES;
				CLANG_WARN_OBJC_ROOT_CLASS = YES_ERROR;
				CLANG_WARN_RANGE_LOOP_ANALYSIS = YES;
				CLANG_WARN_STRICT_PROTOTYPES = YES;
				CLANG_WARN_SUSPICIOUS_MOVE = YES;
				CLANG_WARN_UNGUARDED_AVAILABILITY = YES_AGGRESSIVE;
				CLANG_WARN_UNREACHABLE_CODE = YES;
				CLANG_WARN__DUPLICATE_METHOD_MATCH = YES;
				CODE_SIGN_IDENTITY = "iPhone Developer";
				COPY_PHASE_STRIP = NO;
				DEBUG_INFORMATION_FORMAT = dwarf;
				ENABLE_STRICT_OBJC_MSGSEND = YES;
				ENABLE_TESTABILITY = YES;
				GCC_C_LANGUAGE_STANDARD = gnu11;
				GCC_DYNAMIC_NO_PIC = NO;
				GCC_NO_COMMON_BLOCKS = YES;
				GCC_OPTIMIZATION_LEVEL = 0;
				GCC_PREPROCESSOR_DEFINITIONS = (
					"DEBUG=1",
					"$(inherited)",
				);
				GCC_WARN_64_TO_32_BIT_CONVERSION = YES;
				GCC_WARN_ABOUT_RETURN_TYPE = YES_ERROR;
				GCC_WARN_UNDECLARED_SELECTOR = YES;
				GCC_WARN_UNINITIALIZED_AUTOS = YES_AGGRESSIVE;
				GCC_WARN_UNUSED_FUNCTION = YES;
				GCC_WARN_UNUSED_VARIABLE = YES;
				IPHONEOS_DEPLOYMENT_TARGET = 11.4;
				MTL_ENABLE_DEBUG_INFO = YES;
				ONLY_ACTIVE_ARCH = YES;
				SDKROOT = iphoneos;
				SWIFT_ACTIVE_COMPILATION_CONDITIONS = DEBUG;
				SWIFT_OPTIMIZATION_LEVEL = "-Onone";
			};
			name = Debug;
		};
		CED69D7320F52E5A001E93CC /* Release */ = {
			isa = XCBuildConfiguration;
			buildSettings = {
				ALWAYS_SEARCH_USER_PATHS = NO;
				CLANG_ANALYZER_NONNULL = YES;
				CLANG_ANALYZER_NUMBER_OBJECT_CONVERSION = YES_AGGRESSIVE;
				CLANG_CXX_LANGUAGE_STANDARD = "gnu++14";
				CLANG_CXX_LIBRARY = "libc++";
				CLANG_ENABLE_MODULES = YES;
				CLANG_ENABLE_OBJC_ARC = YES;
				CLANG_ENABLE_OBJC_WEAK = YES;
				CLANG_WARN_BLOCK_CAPTURE_AUTORELEASING = YES;
				CLANG_WARN_BOOL_CONVERSION = YES;
				CLANG_WARN_COMMA = YES;
				CLANG_WARN_CONSTANT_CONVERSION = YES;
				CLANG_WARN_DEPRECATED_OBJC_IMPLEMENTATIONS = YES;
				CLANG_WARN_DIRECT_OBJC_ISA_USAGE = YES_ERROR;
				CLANG_WARN_DOCUMENTATION_COMMENTS = YES;
				CLANG_WARN_EMPTY_BODY = YES;
				CLANG_WARN_ENUM_CONVERSION = YES;
				CLANG_WARN_INFINITE_RECURSION = YES;
				CLANG_WARN_INT_CONVERSION = YES;
				CLANG_WARN_NON_LITERAL_NULL_CONVERSION = YES;
				CLANG_WARN_OBJC_IMPLICIT_RETAIN_SELF = YES;
				CLANG_WARN_OBJC_LITERAL_CONVERSION = YES;
				CLANG_WARN_OBJC_ROOT_CLASS = YES_ERROR;
				CLANG_WARN_RANGE_LOOP_ANALYSIS = YES;
				CLANG_WARN_STRICT_PROTOTYPES = YES;
				CLANG_WARN_SUSPICIOUS_MOVE = YES;
				CLANG_WARN_UNGUARDED_AVAILABILITY = YES_AGGRESSIVE;
				CLANG_WARN_UNREACHABLE_CODE = YES;
				CLANG_WARN__DUPLICATE_METHOD_MATCH = YES;
				CODE_SIGN_IDENTITY = "iPhone Developer";
				COPY_PHASE_STRIP = NO;
				DEBUG_INFORMATION_FORMAT = "dwarf-with-dsym";
				ENABLE_NS_ASSERTIONS = NO;
				ENABLE_STRICT_OBJC_MSGSEND = YES;
				GCC_C_LANGUAGE_STANDARD = gnu11;
				GCC_NO_COMMON_BLOCKS = YES;
				GCC_WARN_64_TO_32_BIT_CONVERSION = YES;
				GCC_WARN_ABOUT_RETURN_TYPE = YES_ERROR;
				GCC_WARN_UNDECLARED_SELECTOR = YES;
				GCC_WARN_UNINITIALIZED_AUTOS = YES_AGGRESSIVE;
				GCC_WARN_UNUSED_FUNCTION = YES;
				GCC_WARN_UNUSED_VARIABLE = YES;
				IPHONEOS_DEPLOYMENT_TARGET = 11.4;
				MTL_ENABLE_DEBUG_INFO = NO;
				SDKROOT = iphoneos;
				SWIFT_COMPILATION_MODE = wholemodule;
				SWIFT_OPTIMIZATION_LEVEL = "-O";
				VALIDATE_PRODUCT = YES;
			};
			name = Release;
		};
		CED69D7520F52E5A001E93CC /* Debug */ = {
			isa = XCBuildConfiguration;
			buildSettings = {
				ASSETCATALOG_COMPILER_APPICON_NAME = AppIcon;
				CODE_SIGN_STYLE = Automatic;
				DEVELOPMENT_TEAM = C6AQM8MP6F;
				INFOPLIST_FILE = "Reddit Posts/Info.plist";
				IPHONEOS_DEPLOYMENT_TARGET = 11.3;
				LD_RUNPATH_SEARCH_PATHS = (
					"$(inherited)",
					"@executable_path/Frameworks",
				);
				PRODUCT_BUNDLE_IDENTIFIER = "somesharora.Reddit-Posts";
				PRODUCT_NAME = "$(TARGET_NAME)";
				SWIFT_VERSION = 4.0;
				TARGETED_DEVICE_FAMILY = "1,2";
			};
			name = Debug;
		};
		CED69D7620F52E5A001E93CC /* Release */ = {
			isa = XCBuildConfiguration;
			buildSettings = {
				ASSETCATALOG_COMPILER_APPICON_NAME = AppIcon;
				CODE_SIGN_STYLE = Automatic;
				DEVELOPMENT_TEAM = C6AQM8MP6F;
				INFOPLIST_FILE = "Reddit Posts/Info.plist";
				IPHONEOS_DEPLOYMENT_TARGET = 11.3;
				LD_RUNPATH_SEARCH_PATHS = (
					"$(inherited)",
					"@executable_path/Frameworks",
				);
				PRODUCT_BUNDLE_IDENTIFIER = "somesharora.Reddit-Posts";
				PRODUCT_NAME = "$(TARGET_NAME)";
				SWIFT_VERSION = 4.0;
				TARGETED_DEVICE_FAMILY = "1,2";
			};
			name = Release;
		};
/* End XCBuildConfiguration section */

/* Begin XCConfigurationList section */
		CED69D5D20F52E57001E93CC /* Build configuration list for PBXProject "Reddit Posts" */ = {
			isa = XCConfigurationList;
			buildConfigurations = (
				CED69D7220F52E5A001E93CC /* Debug */,
				CED69D7320F52E5A001E93CC /* Release */,
			);
			defaultConfigurationIsVisible = 0;
			defaultConfigurationName = Release;
		};
		CED69D7420F52E5A001E93CC /* Build configuration list for PBXNativeTarget "Reddit Posts" */ = {
			isa = XCConfigurationList;
			buildConfigurations = (
				CED69D7520F52E5A001E93CC /* Debug */,
				CED69D7620F52E5A001E93CC /* Release */,
			);
			defaultConfigurationIsVisible = 0;
			defaultConfigurationName = Release;
		};
/* End XCConfigurationList section */
	};
	rootObject = CED69D5A20F52E57001E93CC /* Project object */;
}
